
Microsoft Visual Studio Solution File, Format Version 12.00
# Visual Studio Version 16
VisualStudioVersion = 16.0.30320.27
MinimumVisualStudioVersion = 10.0.40219.1
Project("{FAE04EC0-301F-11D3-BF4B-00C04F79EFBC}") = "AnimalNamePicker-CPW212", "AnimalNamePicker-CPW212\AnimalNamePicker-CPW212.csproj", "{616EF5B7-6852-4BFA-A4F0-3FF111579B84}"
EndProject
Global
	GlobalSection(SolutionConfigurationPlatforms) = preSolution
		Debug|Any CPU = Debug|Any CPU
		Release|Any CPU = Release|Any CPU
	EndGlobalSection
	GlobalSection(ProjectConfigurationPlatforms) = postSolution
		{616EF5B7-6852-4BFA-A4F0-3FF111579B84}.Debug|Any CPU.ActiveCfg = Debug|Any CPU
		{616EF5B7-6852-4BFA-A4F0-3FF111579B84}.Debug|Any CPU.Build.0 = Debug|Any CPU
		{616EF5B7-6852-4BFA-A4F0-3FF111579B84}.Release|Any CPU.ActiveCfg = Release|Any CPU
		{616EF5B7-6852-4BFA-A4F0-3FF111579B84}.Release|Any CPU.Build.0 = Release|Any CPU
	EndGlobalSection
	GlobalSection(SolutionProperties) = preSolution
		HideSolutionNode = FALSE
	EndGlobalSection
	GlobalSection(ExtensibilityGlobals) = postSolution
		SolutionGuid = {02C1BE7F-B7AC-462D-8E82-1E1015A05833}
	EndGlobalSection
EndGlobal
